
Microsoft Visual Studio Solution File, Format Version 12.00
# Visual Studio Version 16
VisualStudioVersion = 16.0.30717.126
MinimumVisualStudioVersion = 10.0.40219.1
Project("{FAE04EC0-301F-11D3-BF4B-00C04F79EFBC}") = "RequestRabbitMQ", "RequestRabbitMQ\RequestRabbitMQ.csproj", "{EDCA72B6-47AC-4063-8198-F0F24BDDBAFD}"
EndProject
Project("{FAE04EC0-301F-11D3-BF4B-00C04F79EFBC}") = "RabbitMQConsumer", "RabbitMQConsumer\RabbitMQConsumer.csproj", "{922C8693-BA7C-4EFC-9B5E-7590FCB94024}"
EndProject
Global
	GlobalSection(SolutionConfigurationPlatforms) = preSolution
		Debug|Any CPU = Debug|Any CPU
		Release|Any CPU = Release|Any CPU
	EndGlobalSection
	GlobalSection(ProjectConfigurationPlatforms) = postSolution
		{EDCA72B6-47AC-4063-8198-F0F24BDDBAFD}.Debug|Any CPU.ActiveCfg = Debug|Any CPU
		{EDCA72B6-47AC-4063-8198-F0F24BDDBAFD}.Debug|Any CPU.Build.0 = Debug|Any CPU
		{EDCA72B6-47AC-4063-8198-F0F24BDDBAFD}.Release|Any CPU.ActiveCfg = Release|Any CPU
		{EDCA72B6-47AC-4063-8198-F0F24BDDBAFD}.Release|Any CPU.Build.0 = Release|Any CPU
		{922C8693-BA7C-4EFC-9B5E-7590FCB94024}.Debug|Any CPU.ActiveCfg = Debug|Any CPU
		{922C8693-BA7C-4EFC-9B5E-7590FCB94024}.Debug|Any CPU.Build.0 = Debug|Any CPU
		{922C8693-BA7C-4EFC-9B5E-7590FCB94024}.Release|Any CPU.ActiveCfg = Release|Any CPU
		{922C8693-BA7C-4EFC-9B5E-7590FCB94024}.Release|Any CPU.Build.0 = Release|Any CPU
	EndGlobalSection
	GlobalSection(SolutionProperties) = preSolution
		HideSolutionNode = FALSE
	EndGlobalSection
	GlobalSection(ExtensibilityGlobals) = postSolution
		SolutionGuid = {7ABE6024-A1FB-4F9D-8395-D9019B4137C7}
	EndGlobalSection
EndGlobal
